{
    "_readme": [
        "This file locks the dependencies of your project to a known state",
        "Read more about it at https://getcomposer.org/doc/01-basic-usage.md#composer-lock-the-lock-file",
        "This file is @generated automatically"
    ],
    "hash": "ec0e88578bca610844b5018484996c46",
    "content-hash": "21d662f1f7ebb1af90df0fa922fc563c",
    "packages": [
        {
            "name": "tsugi/lib",
            "version": "dev-master",
            "source": {
                "type": "git",
                "url": "https://github.com/tsugiproject/tsugi-php.git",
                "reference": "48428f0105837e4c3e3832c6eb29c9ddc4017929"
            },
            "dist": {
                "type": "zip",
                "url": "https://api.github.com/repos/tsugiproject/tsugi-php/zipball/48428f0105837e4c3e3832c6eb29c9ddc4017929",
                "reference": "48428f0105837e4c3e3832c6eb29c9ddc4017929",
                "shasum": ""
            },
            "require": {
                "php": ">=5.5.0"
            },
            "type": "library",
            "autoload": {
                "psr-4": {
                    "Tsugi\\": "src/"
                },
                "exclude-from-classmap": [
                    "/tests/",
                    "phpdoc.dist.xml",
                    "phpunit.xml.dist"
                ]
            },
            "notification-url": "https://packagist.org/downloads/",
            "license": [
                "Apache-2.0"
            ],
            "authors": [
                {
                    "name": "csev",
                    "email": "drchuck@gmail.com",
                    "homepage": "http://www.dr-chuck.com/",
                    "role": "Developer"
                }
            ],
            "description": "The PHP Library to build interoperable learning tools",
            "homepage": "http://www.tsugi.org/",
            "time": "2017-01-15 01:13:41"
        }
    ],
    "packages-dev": [],
    "aliases": [],
    "minimum-stability": "stable",
    "stability-flags": {
        "tsugi/lib": 20
    },
    "prefer-stable": false,
    "prefer-lowest": false,
    "platform": [],
    "platform-dev": []
}
