{
    "_readme": [
        "This file locks the dependencies of your project to a known state",
        "Read more about it at https://getcomposer.org/doc/01-basic-usage.md#composer-lock-the-lock-file",
        "This file is @generated automatically"
    ],
    "hash": "42656c51f228a2a8025efb0947f693a7",
    "content-hash": "a4bc0deff9aac20f0222096db9f5a4f8",
    "packages": [
        {
            "name": "tsugi/php",
            "version": "dev-master",
            "source": {
                "type": "git",
                "url": "https://github.com/csev/tsugi-php.git",
                "reference": "655cda1d7c00cd8106d900a0af24f8a8bd7a5a19"
            },
            "dist": {
                "type": "zip",
                "url": "https://api.github.com/repos/csev/tsugi-php/zipball/1c7c76d4e8ff6c7fbfcef92d67fdf5ecf6b48fd4",
                "reference": "655cda1d7c00cd8106d900a0af24f8a8bd7a5a19",
                "shasum": ""
            },
            "require": {
                "php": ">=5.5.0"
            },
            "type": "library",
            "autoload": {
                "psr-4": {
                    "Tsugi\\": "src/"
                }
            },
            "notification-url": "https://packagist.org/downloads/",
            "license": [
                "Apache 2.0"
            ],
            "authors": [
                {
                    "name": "csev",
                    "email": "drchuck@gmail.com",
                    "homepage": "http://www.dr-chuck.com/",
                    "role": "Developer"
                }
            ],
            "description": "The PHP Library to build interoperabile learning tools",
            "homepage": "http://www.tsugi.org/",
            "time": "2016-01-02 18:49:31"
        }
    ],
    "packages-dev": [],
    "aliases": [],
    "minimum-stability": "stable",
    "stability-flags": {
        "tsugi/php": 20
    },
    "prefer-stable": false,
    "prefer-lowest": false,
    "platform": [],
    "platform-dev": []
}
